// !$*UTF8*$!
{
	archiveVersion = 1;
	classes = {
	};
	objectVersion = 46;
	objects = {

/* Begin PBXBuildFile section */
		C3A9A1941BFDA60D00B07195 /* AppDelegate.m in Sources */ = {isa = PBXBuildFile; fileRef = C3A9A1931BFDA60D00B07195 /* AppDelegate.m */; };
		C3A9A1971BFDA60D00B07195 /* main.m in Sources */ = {isa = PBXBuildFile; fileRef = C3A9A1961BFDA60D00B07195 /* main.m */; };
		C3A9A1991BFDA60D00B07195 /* Assets.xcassets in Resources */ = {isa = PBXBuildFile; fileRef = C3A9A1981BFDA60D00B07195 /* Assets.xcassets */; };
		C3A9A19C1BFDA60D00B07195 /* MainMenu.xib in Resources */ = {isa = PBXBuildFile; fileRef = C3A9A19A1BFDA60D00B07195 /* MainMenu.xib */; };
		C3A9A1A71BFDA60D00B07195 /* Test_NSAnimationTests.m in Sources */ = {isa = PBXBuildFile; fileRef = C3A9A1A61BFDA60D00B07195 /* Test_NSAnimationTests.m */; };
		C3A9A1B21BFDA62400B07195 /* weixin.jpg in Resources */ = {isa = PBXBuildFile; fileRef = C3A9A1B11BFDA62400B07195 /* weixin.jpg */; settings = {ASSET_TAGS = (); }; };
		C3A9A1B61BFDA9C100B07195 /* MyWindowController.m in Sources */ = {isa = PBXBuildFile; fileRef = C3A9A1B41BFDA9C100B07195 /* MyWindowController.m */; settings = {ASSET_TAGS = (); }; };
		C3A9A1B71BFDA9C100B07195 /* MyWindowController.xib in Resources */ = {isa = PBXBuildFile; fileRef = C3A9A1B51BFDA9C100B07195 /* MyWindowController.xib */; settings = {ASSET_TAGS = (); }; };
/* End PBXBuildFile section */

/* Begin PBXContainerItemProxy section */
		C3A9A1A31BFDA60D00B07195 /* PBXContainerItemProxy */ = {
			isa = PBXContainerItemProxy;
			containerPortal = C3A9A1871BFDA60D00B07195 /* Project object */;
			proxyType = 1;
			remoteGlobalIDString = C3A9A18E1BFDA60D00B07195;
			remoteInfo = Test_NSAnimation;
		};
/* End PBXContainerItemProxy section */

/* Begin PBXFileReference section */
		C3A9A18F1BFDA60D00B07195 /* Test_NSAnimation.app */ = {isa = PBXFileReference; explicitFileType = wrapper.application; includeInIndex = 0; path = Test_NSAnimation.app; sourceTree = BUILT_PRODUCTS_DIR; };
		C3A9A1921BFDA60D00B07195 /* AppDelegate.h */ = {isa = PBXFileReference; lastKnownFileType = sourcecode.c.h; path = AppDelegate.h; sourceTree = "<group>"; };
		C3A9A1931BFDA60D00B07195 /* AppDelegate.m */ = {isa = PBXFileReference; lastKnownFileType = sourcecode.c.objc; path = AppDelegate.m; sourceTree = "<group>"; };
		C3A9A1961BFDA60D00B07195 /* main.m */ = {isa = PBXFileReference; lastKnownFileType = sourcecode.c.objc; path = main.m; sourceTree = "<group>"; };
		C3A9A1981BFDA60D00B07195 /* Assets.xcassets */ = {isa = PBXFileReference; lastKnownFileType = folder.assetcatalog; path = Assets.xcassets; sourceTree = "<group>"; };
		C3A9A19B1BFDA60D00B07195 /* Base */ = {isa = PBXFileReference; lastKnownFileType = file.xib; name = Base; path = Base.lproj/MainMenu.xib; sourceTree = "<group>"; };
		C3A9A19D1BFDA60D00B07195 /* Info.plist */ = {isa = PBXFileReference; lastKnownFileType = text.plist.xml; path = Info.plist; sourceTree = "<group>"; };
		C3A9A1A21BFDA60D00B07195 /* Test_NSAnimationTests.xctest */ = {isa = PBXFileReference; explicitFileType = wrapper.cfbundle; includeInIndex = 0; path = Test_NSAnimationTests.xctest; sourceTree = BUILT_PRODUCTS_DIR; };
		C3A9A1A61BFDA60D00B07195 /* Test_NSAnimationTests.m */ = {isa = PBXFileReference; lastKnownFileType = sourcecode.c.objc; path = Test_NSAnimationTests.m; sourceTree = "<group>"; };
		C3A9A1A81BFDA60D00B07195 /* Info.plist */ = {isa = PBXFileReference; lastKnownFileType = text.plist.xml; path = Info.plist; sourceTree = "<group>"; };
		C3A9A1B11BFDA62400B07195 /* weixin.jpg */ = {isa = PBXFileReference; lastKnownFileType = image.jpeg; path = weixin.jpg; sourceTree = "<group>"; };
		C3A9A1B31BFDA9C100B07195 /* MyWindowController.h */ = {isa = PBXFileReference; fileEncoding = 4; lastKnownFileType = sourcecode.c.h; path = MyWindowController.h; sourceTree = "<group>"; };
		C3A9A1B41BFDA9C100B07195 /* MyWindowController.m */ = {isa = PBXFileReference; fileEncoding = 4; lastKnownFileType = sourcecode.c.objc; path = MyWindowController.m; sourceTree = "<group>"; };
		C3A9A1B51BFDA9C100B07195 /* MyWindowController.xib */ = {isa = PBXFileReference; fileEncoding = 4; lastKnownFileType = file.xib; path = MyWindowController.xib; sourceTree = "<group>"; };
/* End PBXFileReference section */

/* Begin PBXFrameworksBuildPhase section */
		C3A9A18C1BFDA60D00B07195 /* Frameworks */ = {
			isa = PBXFrameworksBuildPhase;
			buildActionMask = 2147483647;
			files = (
			);
			runOnlyForDeploymentPostprocessing = 0;
		};
		C3A9A19F1BFDA60D00B07195 /* Frameworks */ = {
			isa = PBXFrameworksBuildPhase;
			buildActionMask = 2147483647;
			files = (
			);
			runOnlyForDeploymentPostprocessing = 0;
		};
/* End PBXFrameworksBuildPhase section */

/* Begin PBXGroup section */
		C3A9A1861BFDA60D00B07195 = {
			isa = PBXGroup;
			children = (
				C3A9A1911BFDA60D00B07195 /* Test_NSAnimation */,
				C3A9A1A51BFDA60D00B07195 /* Test_NSAnimationTests */,
				C3A9A1901BFDA60D00B07195 /* Products */,
			);
			sourceTree = "<group>";
		};
		C3A9A1901BFDA60D00B07195 /* Products */ = {
			isa = PBXGroup;
			children = (
				C3A9A18F1BFDA60D00B07195 /* Test_NSAnimation.app */,
				C3A9A1A21BFDA60D00B07195 /* Test_NSAnimationTests.xctest */,
			);
			name = Products;
			sourceTree = "<group>";
		};
		C3A9A1911BFDA60D00B07195 /* Test_NSAnimation */ = {
			isa = PBXGroup;
			children = (
				C3A9A1921BFDA60D00B07195 /* AppDelegate.h */,
				C3A9A1931BFDA60D00B07195 /* AppDelegate.m */,
				C3A9A1981BFDA60D00B07195 /* Assets.xcassets */,
				C3A9A19A1BFDA60D00B07195 /* MainMenu.xib */,
				C3A9A1B31BFDA9C100B07195 /* MyWindowController.h */,
				C3A9A1B41BFDA9C100B07195 /* MyWindowController.m */,
				C3A9A1B51BFDA9C100B07195 /* MyWindowController.xib */,
				C3A9A19D1BFDA60D00B07195 /* Info.plist */,
				C3A9A1B11BFDA62400B07195 /* weixin.jpg */,
				C3A9A1951BFDA60D00B07195 /* Supporting Files */,
			);
			path = Test_NSAnimation;
			sourceTree = "<group>";
		};
		C3A9A1951BFDA60D00B07195 /* Supporting Files */ = {
			isa = PBXGroup;
			children = (
				C3A9A1961BFDA60D00B07195 /* main.m */,
			);
			name = "Supporting Files";
			sourceTree = "<group>";
		};
		C3A9A1A51BFDA60D00B07195 /* Test_NSAnimationTests */ = {
			isa = PBXGroup;
			children = (
				C3A9A1A61BFDA60D00B07195 /* Test_NSAnimationTests.m */,
				C3A9A1A81BFDA60D00B07195 /* Info.plist */,
			);
			path = Test_NSAnimationTests;
			sourceTree = "<group>";
		};
/* End PBXGroup section */

/* Begin PBXNativeTarget section */
		C3A9A18E1BFDA60D00B07195 /* Test_NSAnimation */ = {
			isa = PBXNativeTarget;
			buildConfigurationList = C3A9A1AB1BFDA60D00B07195 /* Build configuration list for PBXNativeTarget "Test_NSAnimation" */;
			buildPhases = (
				C3A9A18B1BFDA60D00B07195 /* Sources */,
				C3A9A18C1BFDA60D00B07195 /* Frameworks */,
				C3A9A18D1BFDA60D00B07195 /* Resources */,
			);
			buildRules = (
			);
			dependencies = (
			);
			name = Test_NSAnimation;
			productName = Test_NSAnimation;
			productReference = C3A9A18F1BFDA60D00B07195 /* Test_NSAnimation.app */;
			productType = "com.apple.product-type.application";
		};
		C3A9A1A11BFDA60D00B07195 /* Test_NSAnimationTests */ = {
			isa = PBXNativeTarget;
			buildConfigurationList = C3A9A1AE1BFDA60D00B07195 /* Build configuration list for PBXNativeTarget "Test_NSAnimationTests" */;
			buildPhases = (
				C3A9A19E1BFDA60D00B07195 /* Sources */,
				C3A9A19F1BFDA60D00B07195 /* Frameworks */,
				C3A9A1A01BFDA60D00B07195 /* Resources */,
			);
			buildRules = (
			);
			dependencies = (
				C3A9A1A41BFDA60D00B07195 /* PBXTargetDependency */,
			);
			name = Test_NSAnimationTests;
			productName = Test_NSAnimationTests;
			productReference = C3A9A1A21BFDA60D00B07195 /* Test_NSAnimationTests.xctest */;
			productType = "com.apple.product-type.bundle.unit-test";
		};
/* End PBXNativeTarget section */

/* Begin PBXProject section */
		C3A9A1871BFDA60D00B07195 /* Project object */ = {
			isa = PBXProject;
			attributes = {
				LastUpgradeCheck = 0700;
				ORGANIZATIONNAME = 33e9;
				TargetAttributes = {
					C3A9A18E1BFDA60D00B07195 = {
						CreatedOnToolsVersion = 7.0.1;
					};
					C3A9A1A11BFDA60D00B07195 = {
						CreatedOnToolsVersion = 7.0.1;
						TestTargetID = C3A9A18E1BFDA60D00B07195;
					};
				};
			};
			buildConfigurationList = C3A9A18A1BFDA60D00B07195 /* Build configuration list for PBXProject "Test_NSAnimation" */;
			compatibilityVersion = "Xcode 3.2";
			developmentRegion = English;
			hasScannedForEncodings = 0;
			knownRegions = (
				en,
				Base,
			);
			mainGroup = C3A9A1861BFDA60D00B07195;
			productRefGroup = C3A9A1901BFDA60D00B07195 /* Products */;
			projectDirPath = "";
			projectRoot = "";
			targets = (
				C3A9A18E1BFDA60D00B07195 /* Test_NSAnimation */,
				C3A9A1A11BFDA60D00B07195 /* Test_NSAnimationTests */,
			);
		};
/* End PBXProject section */

/* Begin PBXResourcesBuildPhase section */
		C3A9A18D1BFDA60D00B07195 /* Resources */ = {
			isa = PBXResourcesBuildPhase;
			buildActionMask = 2147483647;
			files = (
				C3A9A1991BFDA60D00B07195 /* Assets.xcassets in Resources */,
				C3A9A1B71BFDA9C100B07195 /* MyWindowController.xib in Resources */,
				C3A9A19C1BFDA60D00B07195 /* MainMenu.xib in Resources */,
				C3A9A1B21BFDA62400B07195 /* weixin.jpg in Resources */,
			);
			runOnlyForDeploymentPostprocessing = 0;
		};
		C3A9A1A01BFDA60D00B07195 /* Resources */ = {
			isa = PBXResourcesBuildPhase;
			buildActionMask = 2147483647;
			files = (
			);
			runOnlyForDeploymentPostprocessing = 0;
		};
/* End PBXResourcesBuildPhase section */

/* Begin PBXSourcesBuildPhase section */
		C3A9A18B1BFDA60D00B07195 /* Sources */ = {
			isa = PBXSourcesBuildPhase;
			buildActionMask = 2147483647;
			files = (
				C3A9A1971BFDA60D00B07195 /* main.m in Sources */,
				C3A9A1941BFDA60D00B07195 /* AppDelegate.m in Sources */,
				C3A9A1B61BFDA9C100B07195 /* MyWindowController.m in Sources */,
			);
			runOnlyForDeploymentPostprocessing = 0;
		};
		C3A9A19E1BFDA60D00B07195 /* Sources */ = {
			isa = PBXSourcesBuildPhase;
			buildActionMask = 2147483647;
			files = (
				C3A9A1A71BFDA60D00B07195 /* Test_NSAnimationTests.m in Sources */,
			);
			runOnlyForDeploymentPostprocessing = 0;
		};
/* End PBXSourcesBuildPhase section */

/* Begin PBXTargetDependency section */
		C3A9A1A41BFDA60D00B07195 /* PBXTargetDependency */ = {
			isa = PBXTargetDependency;
			target = C3A9A18E1BFDA60D00B07195 /* Test_NSAnimation */;
			targetProxy = C3A9A1A31BFDA60D00B07195 /* PBXContainerItemProxy */;
		};
/* End PBXTargetDependency section */

/* Begin PBXVariantGroup section */
		C3A9A19A1BFDA60D00B07195 /* MainMenu.xib */ = {
			isa = PBXVariantGroup;
			children = (
				C3A9A19B1BFDA60D00B07195 /* Base */,
			);
			name = MainMenu.xib;
			sourceTree = "<group>";
		};
/* End PBXVariantGroup section */

/* Begin XCBuildConfiguration section */
		C3A9A1A91BFDA60D00B07195 /* Debug */ = {
			isa = XCBuildConfiguration;
			buildSettings = {
				ALWAYS_SEARCH_USER_PATHS = NO;
				CLANG_CXX_LANGUAGE_STANDARD = "gnu++0x";
				CLANG_CXX_LIBRARY = "libc++";
				CLANG_ENABLE_MODULES = YES;
				CLANG_ENABLE_OBJC_ARC = YES;
				CLANG_WARN_BOOL_CONVERSION = YES;
				CLANG_WARN_CONSTANT_CONVERSION = YES;
				CLANG_WARN_DIRECT_OBJC_ISA_USAGE = YES_ERROR;
				CLANG_WARN_EMPTY_BODY = YES;
				CLANG_WARN_ENUM_CONVERSION = YES;
				CLANG_WARN_INT_CONVERSION = YES;
				CLANG_WARN_OBJC_ROOT_CLASS = YES_ERROR;
				CLANG_WARN_UNREACHABLE_CODE = YES;
				CLANG_WARN__DUPLICATE_METHOD_MATCH = YES;
				CODE_SIGN_IDENTITY = "-";
				COPY_PHASE_STRIP = NO;
				DEBUG_INFORMATION_FORMAT = dwarf;
				ENABLE_STRICT_OBJC_MSGSEND = YES;
				ENABLE_TESTABILITY = YES;
				GCC_C_LANGUAGE_STANDARD = gnu99;
				GCC_DYNAMIC_NO_PIC = NO;
				GCC_NO_COMMON_BLOCKS = YES;
				GCC_OPTIMIZATION_LEVEL = 0;
				GCC_PREPROCESSOR_DEFINITIONS = (
					"DEBUG=1",
					"$(inherited)",
				);
				GCC_WARN_64_TO_32_BIT_CONVERSION = YES;
				GCC_WARN_ABOUT_RETURN_TYPE = YES_ERROR;
				GCC_WARN_UNDECLARED_SELECTOR = YES;
				GCC_WARN_UNINITIALIZED_AUTOS = YES_AGGRESSIVE;
				GCC_WARN_UNUSED_FUNCTION = YES;
				GCC_WARN_UNUSED_VARIABLE = YES;
				MACOSX_DEPLOYMENT_TARGET = 10.10;
				MTL_ENABLE_DEBUG_INFO = YES;
				ONLY_ACTIVE_ARCH = YES;
				SDKROOT = macosx;
			};
			name = Debug;
		};
		C3A9A1AA1BFDA60D00B07195 /* Release */ = {
			isa = XCBuildConfiguration;
			buildSettings = {
				ALWAYS_SEARCH_USER_PATHS = NO;
				CLANG_CXX_LANGUAGE_STANDARD = "gnu++0x";
				CLANG_CXX_LIBRARY = "libc++";
				CLANG_ENABLE_MODULES = YES;
				CLANG_ENABLE_OBJC_ARC = YES;
				CLANG_WARN_BOOL_CONVERSION = YES;
				CLANG_WARN_CONSTANT_CONVERSION = YES;
				CLANG_WARN_DIRECT_OBJC_ISA_USAGE = YES_ERROR;
				CLANG_WARN_EMPTY_BODY = YES;
				CLANG_WARN_ENUM_CONVERSION = YES;
				CLANG_WARN_INT_CONVERSION = YES;
				CLANG_WARN_OBJC_ROOT_CLASS = YES_ERROR;
				CLANG_WARN_UNREACHABLE_CODE = YES;
				CLANG_WARN__DUPLICATE_METHOD_MATCH = YES;
				CODE_SIGN_IDENTITY = "-";
				COPY_PHASE_STRIP = NO;
				DEBUG_INFORMATION_FORMAT = "dwarf-with-dsym";
				ENABLE_NS_ASSERTIONS = NO;
				ENABLE_STRICT_OBJC_MSGSEND = YES;
				GCC_C_LANGUAGE_STANDARD = gnu99;
				GCC_NO_COMMON_BLOCKS = YES;
				GCC_WARN_64_TO_32_BIT_CONVERSION = YES;
				GCC_WARN_ABOUT_RETURN_TYPE = YES_ERROR;
				GCC_WARN_UNDECLARED_SELECTOR = YES;
				GCC_WARN_UNINITIALIZED_AUTOS = YES_AGGRESSIVE;
				GCC_WARN_UNUSED_FUNCTION = YES;
				GCC_WARN_UNUSED_VARIABLE = YES;
				MACOSX_DEPLOYMENT_TARGET = 10.10;
				MTL_ENABLE_DEBUG_INFO = NO;
				SDKROOT = macosx;
			};
			name = Release;
		};
		C3A9A1AC1BFDA60D00B07195 /* Debug */ = {
			isa = XCBuildConfiguration;
			buildSettings = {
				ASSETCATALOG_COMPILER_APPICON_NAME = AppIcon;
				COMBINE_HIDPI_IMAGES = YES;
				INFOPLIST_FILE = Test_NSAnimation/Info.plist;
				LD_RUNPATH_SEARCH_PATHS = "$(inherited) @executable_path/../Frameworks";
				PRODUCT_BUNDLE_IDENTIFIER = "com.33e9.yunwu.Test-NSAnimation";
				PRODUCT_NAME = "$(TARGET_NAME)";
			};
			name = Debug;
		};
		C3A9A1AD1BFDA60D00B07195 /* Release */ = {
			isa = XCBuildConfiguration;
			buildSettings = {
				ASSETCATALOG_COMPILER_APPICON_NAME = AppIcon;
				COMBINE_HIDPI_IMAGES = YES;
				INFOPLIST_FILE = Test_NSAnimation/Info.plist;
				LD_RUNPATH_SEARCH_PATHS = "$(inherited) @executable_path/../Frameworks";
				PRODUCT_BUNDLE_IDENTIFIER = "com.33e9.yunwu.Test-NSAnimation";
				PRODUCT_NAME = "$(TARGET_NAME)";
			};
			name = Release;
		};
		C3A9A1AF1BFDA60D00B07195 /* Debug */ = {
			isa = XCBuildConfiguration;
			buildSettings = {
				BUNDLE_LOADER = "$(TEST_HOST)";
				COMBINE_HIDPI_IMAGES = YES;
				INFOPLIST_FILE = Test_NSAnimationTests/Info.plist;
				LD_RUNPATH_SEARCH_PATHS = "$(inherited) @executable_path/../Frameworks @loader_path/../Frameworks";
				PRODUCT_BUNDLE_IDENTIFIER = "com.33e9.yunwu.Test-NSAnimationTests";
				PRODUCT_NAME = "$(TARGET_NAME)";
				TEST_HOST = "$(BUILT_PRODUCTS_DIR)/Test_NSAnimation.app/Contents/MacOS/Test_NSAnimation";
			};
			name = Debug;
		};
		C3A9A1B01BFDA60D00B07195 /* Release */ = {
			isa = XCBuildConfiguration;
			buildSettings = {
				BUNDLE_LOADER = "$(TEST_HOST)";
				COMBINE_HIDPI_IMAGES = YES;
				INFOPLIST_FILE = Test_NSAnimationTests/Info.plist;
				LD_RUNPATH_SEARCH_PATHS = "$(inherited) @executable_path/../Frameworks @loader_path/../Frameworks";
				PRODUCT_BUNDLE_IDENTIFIER = "com.33e9.yunwu.Test-NSAnimationTests";
				PRODUCT_NAME = "$(TARGET_NAME)";
				TEST_HOST = "$(BUILT_PRODUCTS_DIR)/Test_NSAnimation.app/Contents/MacOS/Test_NSAnimation";
			};
			name = Release;
		};
/* End XCBuildConfiguration section */

/* Begin XCConfigurationList section */
		C3A9A18A1BFDA60D00B07195 /* Build configuration list for PBXProject "Test_NSAnimation" */ = {
			isa = XCConfigurationList;
			buildConfigurations = (
				C3A9A1A91BFDA60D00B07195 /* Debug */,
				C3A9A1AA1BFDA60D00B07195 /* Release */,
			);
			defaultConfigurationIsVisible = 0;
			defaultConfigurationName = Release;
		};
		C3A9A1AB1BFDA60D00B07195 /* Build configuration list for PBXNativeTarget "Test_NSAnimation" */ = {
			isa = XCConfigurationList;
			buildConfigurations = (
				C3A9A1AC1BFDA60D00B07195 /* Debug */,
				C3A9A1AD1BFDA60D00B07195 /* Release */,
			);
			defaultConfigurationIsVisible = 0;
		};
		C3A9A1AE1BFDA60D00B07195 /* Build configuration list for PBXNativeTarget "Test_NSAnimationTests" */ = {
			isa = XCConfigurationList;
			buildConfigurations = (
				C3A9A1AF1BFDA60D00B07195 /* Debug */,
				C3A9A1B01BFDA60D00B07195 /* Release */,
			);
			defaultConfigurationIsVisible = 0;
		};
/* End XCConfigurationList section */
	};
	rootObject = C3A9A1871BFDA60D00B07195 /* Project object */;
}
